PODS:
  - CocoaAsyncSocket (7.6.4)
  - DACircularProgress (2.3.1)
  - EZAudio (1.1.5):
    - EZAudio/Full (= 1.1.5)
  - EZAudio/Core (1.1.5)
  - EZAudio/Full (1.1.5):
    - EZAudio/Core
    - TPCircularBuffer (= 1.1)
  - lottie-ios (2.5.3)
  - Masonry (1.1.0)
  - MBProgressHUD (0.9.2)
  - MJRefresh (3.4.1)
  - MMKV (1.1.1):
    - MMKVCore (~> 1.1.1)
  - MMKVCore (1.1.1)
  - MQTTClient (0.15.2):
    - MQTTClient/Core (= 0.15.2)
  - MQTTClient/Core (0.15.2):
    - MQTTClient/Manager
    - MQTTClient/Min
  - MQTTClient/Manager (0.15.2):
    - MQTTClient/Min
  - MQTTClient/Min (0.15.2)
  - OpenSSL-Universal (1.0.2.17)
  - Reachability (3.2)
  - SDWebImage/Core (5.7.2)
  - TheAmazingAudioEngine (1.5.9)
  - TPCircularBuffer (1.1)
  - TuyaRNApi/Basic (5.22.48):
    - TuyaRNApi/Core
    - TuyaRNApiBasic
  - TuyaRNApi/Core (5.22.48)
  - TuyaRNApiBasic (5.22.48):
    - EZAudio
    - TheAmazingAudioEngine
    - TuyaSmartActivatorKit
    - TuyaSmartBLEKit
    - TuyaSmartBLEMeshKit
    - TuyaSmartDeviceKit
    - TYBluetooth
    - TYEncryptImage
    - TYKVStorageLibrary
    - TYNavigationController
    - TYOEMConfig
    - TYPanelContext
    - TYReactNative
    - TYSmartBusinessLibrary
    - TYUIKit
    - TZImagePickerController
  - TuyaSmartActivatorKit (3.15.2):
    - TuyaSmartDeviceKit
  - TuyaSmartBaseKit (3.15.0):
    - TuyaSmartUtil
    - YYModel
  - TuyaSmartBLEKit (3.15.1):
    - TuyaSmartActivatorKit
    - TuyaSmartBaseKit
    - TuyaSmartDeviceKit
    - TYBluetooth
  - TuyaSmartBLEMeshKit (3.15.1):
    - OpenSSL-Universal (= 1.0.2.17)
    - TuyaSmartActivatorKit
    - TuyaSmartBaseKit
    - TuyaSmartBLEKit
    - TuyaSmartDeviceKit
    - TYBluetooth
  - TuyaSmartDeviceKit (3.15.0):
    - TuyaSmartBaseKit
    - TuyaSmartMQTTChannelKit
    - TuyaSmartSocketChannelKit
  - TuyaSmartMQTTChannelKit (3.15.0):
    - MQTTClient (= 0.15.2)
    - TuyaSmartBaseKit
  - TuyaSmartPanelSDK (0.4.0):
    - TuyaRNApi/Basic
    - TuyaSmartBLEKit
    - TuyaSmartBLEMeshKit
    - TuyaSmartDeviceKit
    - TuyaSmartSceneKit
    - TYLanguageBundleRegister
    - TYPanelModule
    - TYTimerModule
  - TuyaSmartSceneKit (3.15.0):
    - TuyaSmartBaseKit
    - TuyaSmartDeviceKit
  - TuyaSmartSocketChannelKit (3.15.1):
    - CocoaAsyncSocket
    - TuyaSmartBaseKit
  - TuyaSmartTimerKit (3.13.0):
    - TuyaSmartBaseKit
    - TuyaSmartDeviceKit
  - TuyaSmartUtil (3.15.0)
  - TYAlertPickerComponent (0.3.0):
    - TYAnimationKit
    - TYSmartBusinessLibrary
  - TYAnimationKit (1.1.2):
    - TYModuleManager
    - TYNavigationController
  - TYBlockKit (0.0.4)
  - TYBluetooth (3.15.0)
  - TYEncryptImage (1.2.2):
    - TYFoundationKit
  - TYFoundationKit (1.1.0):
    - Reachability
  - TYKVStorageLibrary (0.3.3):
    - MMKV
    - TuyaSmartBaseKit
    - UICKeyChainStore
  - TYLanguageBundleRegister (0.0.2):
    - TYFoundationKit
  - TYLogMacro (0.0.2)
  - TYModuleManager (2.1.0)
  - TYModuleServices (0.5.1)
  - TYNavigationController (1.2.1):
    - TYUIKit
  - TYOEMConfig (1.9.1):
    - TuyaSmartBaseKit
    - TYFoundationKit
    - TYUIKit
    - YYModel
  - TYPanelBundleManager (1.0.1):
    - DACircularProgress
    - TuyaSmartBaseKit
    - TuyaSmartDeviceKit
    - TuyaSmartUtil
    - TYFoundationKit
    - TYKVStorageLibrary
    - TYLogMacro
    - TYSmartEventPredefined
    - TYTarKit
    - TYUIKit
  - TYPanelContext (0.2.6):
    - Reachability
    - TuyaSmartDeviceKit
    - TYFoundationKit
    - TYModuleManager
    - TYModuleServices
    - TYReactNative
  - TYPanelModule (2.1.2):
    - DACircularProgress
    - TuyaRNApi/Core
    - TuyaSmartBLEKit
    - TuyaSmartBLEMeshKit
    - TuyaSmartDeviceKit
    - TuyaSmartSceneKit
    - TYAlertPickerComponent
    - TYModuleManager
    - TYModuleServices
    - TYPanelBundleManager
    - TYPanelContext
    - TYReactNative
    - TYSmartBusinessLibrary
    - TYSmartEventPredefined
    - TYTarKit
  - TYReactNative (0.2.6)
  - TYSmartBusinessLibrary (3.16.8):
    - lottie-ios (~> 2.5.0)
    - Masonry
    - MBProgressHUD (~> 0.9.2)
    - MJRefresh
    - Reachability
    - TuyaSmartBaseKit
    - TYBlockKit
    - TYFoundationKit
    - TYKVStorageLibrary
    - TYLogMacro
    - TYNavigationController
    - TYOEMConfig
    - TYUIKit
  - TYSmartEventPredefined (1.2.32)
  - TYTarKit (0.1.5)
  - TYTimerModule (2.1.0):
    - TuyaSmartBLEKit
    - TuyaSmartBLEMeshKit
    - TuyaSmartDeviceKit
    - TuyaSmartTimerKit
    - TYAlertPickerComponent
    - TYFoundationKit
    - TYModuleManager
    - TYModuleServices
    - TYSmartBusinessLibrary
    - TYSmartEventPredefined
    - TYUIKit
  - TYUIKit (1.1.1):
    - Masonry
  - TZImagePickerController (3.3.1)
  - UICKeyChainStore (2.1.2)
  - YYModel (1.0.4)

DEPENDENCIES:
  - SDWebImage/Core
  - TuyaSmartPanelSDK

SPEC REPOS:
  https://github.com/TuyaInc/TYPublicSpecs.git:
    - TheAmazingAudioEngine
    - TuyaRNApi
    - TuyaRNApiBasic
    - TuyaSmartPanelSDK
    - TYAlertPickerComponent
    - TYAnimationKit
    - TYBlockKit
    - TYEncryptImage
    - TYFoundationKit
    - TYKVStorageLibrary
    - TYLanguageBundleRegister
    - TYLogMacro
    - TYModuleManager
    - TYModuleServices
    - TYNavigationController
    - TYOEMConfig
    - TYPanelBundleManager
    - TYPanelContext
    - TYPanelModule
    - TYReactNative
    - TYSmartBusinessLibrary
    - TYSmartEventPredefined
    - TYTarKit
    - TYTimerModule
    - TYUIKit
  trunk:
    - CocoaAsyncSocket
    - DACircularProgress
    - EZAudio
    - lottie-ios
    - Masonry
    - MBProgressHUD
    - MJRefresh
    - MMKV
    - MMKVCore
    - MQTTClient
    - OpenSSL-Universal
    - Reachability
    - SDWebImage
    - TPCircularBuffer
    - TuyaSmartActivatorKit
    - TuyaSmartBaseKit
    - TuyaSmartBLEKit
    - TuyaSmartBLEMeshKit
    - TuyaSmartDeviceKit
    - TuyaSmartMQTTChannelKit
    - TuyaSmartSceneKit
    - TuyaSmartSocketChannelKit
    - TuyaSmartTimerKit
    - TuyaSmartUtil
    - TYBluetooth
    - TZImagePickerController
    - UICKeyChainStore
    - YYModel

SPEC CHECKSUMS:
  CocoaAsyncSocket: 694058e7c0ed05a9e217d1b3c7ded962f4180845
  DACircularProgress: 4dd437c0fc3da5161cb289e07ac449493d41db71
  EZAudio: 3b1cb4b6d7ebca68f0c2478576d75940aad4aa99
  lottie-ios: a50d5c0160425cd4b01b852bb9578963e6d92d31
  Masonry: 678fab65091a9290e40e2832a55e7ab731aad201
  MBProgressHUD: 1569cf7ace17a8bac47aabfbb8580a49690386d1
  MJRefresh: 3153c59a363159092c08b2177ec3a7d09f90bfaf
  MMKV: 5eb44526fcf38152328ebfeff5ec585972ace00d
  MMKVCore: 2748bf702287a814a6c514d054033e41e07f5c0f
  MQTTClient: 902c7bcac1501595f3d0b15178c7205b40331fb0
  OpenSSL-Universal: ff04c2e6befc3f1247ae039e60c93f76345b3b5a
  Reachability: 33e18b67625424e47b6cde6d202dce689ad7af96
  SDWebImage: d9ea4959d99c52276dfada481987018fcaea3d58
  TheAmazingAudioEngine: c0def015facb2e1c896a687a229157cbe2dc8394
  TPCircularBuffer: 4960a919e667280f7f38963d771f45871b64fe62
  TuyaRNApi: 809ae2121785616e0fa5a170e02af6e27d5d1e50
  TuyaRNApiBasic: 365103ea38f236cfdf258e6766595611d96ba0a8
  TuyaSmartActivatorKit: 1f8973755e027a69dd7d25dd1acc9f3f954cfaad
  TuyaSmartBaseKit: 092976a46a86697a24265e520324606e3d8d7139
  TuyaSmartBLEKit: 5647429acd7baa2e54d7287beb00368c9d1f4968
  TuyaSmartBLEMeshKit: 91cf9fcef7286b10d3ec97f29e4ad272b6210fdd
  TuyaSmartDeviceKit: 8a10dccbd8ba9b91d5723e493863ca2bb3a50e23
  TuyaSmartMQTTChannelKit: 59926addc1c210e6dac40d79cbc829726c5bde60
  TuyaSmartPanelSDK: 21d9eeb3111ed17552a71d48aaa28e931509e37d
  TuyaSmartSceneKit: 5e0529ba22992834ebd1037a2b78dc1ea0f2f2bf
  TuyaSmartSocketChannelKit: 50082d7fb42d357e47a4a46ce36ebd8b7660ecf2
  TuyaSmartTimerKit: 3296a4e8ab503f6f6e84849591cfc3492c28a5ed
  TuyaSmartUtil: fede5b89a5e0cb62806f752b4337eed3daac45d1
  TYAlertPickerComponent: 393e521a2e64e4b62891e49bc81bcaca977d50fd
  TYAnimationKit: 8b83eeb0102409de48f1fdbd9291e4f88e04b28f
  TYBlockKit: 9b7abda429976308b4dd23e3e48a8e764a81603e
  TYBluetooth: 9421930ae258d0d5edd1418e89e6b8da9237dd2d
  TYEncryptImage: 47f8e1613bd0cfdaf512a3afcc3b31745944765c
  TYFoundationKit: 073f76f52b9abe88ac0617546d0a9ceebcc086c3
  TYKVStorageLibrary: 61e7d83dd840769753d3dfbe8fa7077e9d789b35
  TYLanguageBundleRegister: 9bb56d568fca3fec8bc23493f6587c8c8fa027c8
  TYLogMacro: 807d283cc4769aab4111963704a426e1a5e184dc
  TYModuleManager: 02d14a3d4703cbc90c275e48dd24bd5c24acb7c5
  TYModuleServices: 9a8c769e784c329d029e044bfc598d5353d90d91
  TYNavigationController: f70bebc16084a88908254aefb35192d0b55f3410
  TYOEMConfig: 9648da75c22be88c8b8b6daeb837ed8929bbe96e
  TYPanelBundleManager: 889fc95b85a21e13c84d07efd0e2738d34c30fb8
  TYPanelContext: 88ec7c34a2334915961023eb6576e56173cc45ab
  TYPanelModule: 9ae953e7946979dd945937116958858ab694c6d6
  TYReactNative: 9100d45aa9b3417e0bcb4dc8290f74ee667da951
  TYSmartBusinessLibrary: 6cfa85140b7162dd31fc16624510e389f17ee66a
  TYSmartEventPredefined: 7e2419cb0384d986ad623d8150a50a3e14636cbb
  TYTarKit: 8859d8225c23e34d5685c38fdd9a3a5951670a00
  TYTimerModule: 29f979e4faa6f1e9deb4b7e70d4f121e2e02d774
  TYUIKit: 6bfe155fc33a484109386ada5e08525316cdd8bd
  TZImagePickerController: 99f03b64145a8c92c55b9b1b931410967d9be4cb
  UICKeyChainStore: 85db518bb1d294366d15ec9b92a416c4e670518f
  YYModel: 2a7fdd96aaa4b86a824e26d0c517de8928c04b30

PODFILE CHECKSUM: eb162e20908c9ef8275895e3ece19ed27515d71a

COCOAPODS: 1.9.1
